
Microsoft Visual Studio Solution File, Format Version 12.00
# Visual Studio 15
VisualStudioVersion = 15.0.26730.16
MinimumVisualStudioVersion = 10.0.40219.1
Project("{FAE04EC0-301F-11D3-BF4B-00C04F79EFBC}") = "Web_Sistema_Produccion", "Web_Sistema_Produccion\Web_Sistema_Produccion.csproj", "{DBE3176B-5796-49C7-BA4E-34F896860C3D}"
EndProject
Project("{FAE04EC0-301F-11D3-BF4B-00C04F79EFBC}") = "Dominio_Sistema_Produccion", "Dominio_Sistema_Produccion\Dominio_Sistema_Produccion.csproj", "{7FDE128C-1265-4C85-907C-65CD005197C5}"
EndProject
Project("{FAE04EC0-301F-11D3-BF4B-00C04F79EFBC}") = "Datos_Sistema_Produccion", "Datos_Sistema_Produccion\Datos_Sistema_Produccion.csproj", "{E8073323-25F7-4A1E-9F72-A456710CDAFB}"
EndProject
Project("{FAE04EC0-301F-11D3-BF4B-00C04F79EFBC}") = "Logica_Sistema_Produccion", "Logica_Sistema_Produccion\Logica_Sistema_Produccion.csproj", "{3DBCF2B1-750F-43E9-B8D6-D9E1EFC7A520}"
EndProject
Global
	GlobalSection(SolutionConfigurationPlatforms) = preSolution
		Debug|Any CPU = Debug|Any CPU
		Release|Any CPU = Release|Any CPU
	EndGlobalSection
	GlobalSection(ProjectConfigurationPlatforms) = postSolution
		{DBE3176B-5796-49C7-BA4E-34F896860C3D}.Debug|Any CPU.ActiveCfg = Debug|Any CPU
		{DBE3176B-5796-49C7-BA4E-34F896860C3D}.Debug|Any CPU.Build.0 = Debug|Any CPU
		{DBE3176B-5796-49C7-BA4E-34F896860C3D}.Release|Any CPU.ActiveCfg = Release|Any CPU
		{DBE3176B-5796-49C7-BA4E-34F896860C3D}.Release|Any CPU.Build.0 = Release|Any CPU
		{7FDE128C-1265-4C85-907C-65CD005197C5}.Debug|Any CPU.ActiveCfg = Debug|Any CPU
		{7FDE128C-1265-4C85-907C-65CD005197C5}.Debug|Any CPU.Build.0 = Debug|Any CPU
		{7FDE128C-1265-4C85-907C-65CD005197C5}.Release|Any CPU.ActiveCfg = Release|Any CPU
		{7FDE128C-1265-4C85-907C-65CD005197C5}.Release|Any CPU.Build.0 = Release|Any CPU
		{E8073323-25F7-4A1E-9F72-A456710CDAFB}.Debug|Any CPU.ActiveCfg = Debug|Any CPU
		{E8073323-25F7-4A1E-9F72-A456710CDAFB}.Debug|Any CPU.Build.0 = Debug|Any CPU
		{E8073323-25F7-4A1E-9F72-A456710CDAFB}.Release|Any CPU.ActiveCfg = Release|Any CPU
		{E8073323-25F7-4A1E-9F72-A456710CDAFB}.Release|Any CPU.Build.0 = Release|Any CPU
		{3DBCF2B1-750F-43E9-B8D6-D9E1EFC7A520}.Debug|Any CPU.ActiveCfg = Debug|Any CPU
		{3DBCF2B1-750F-43E9-B8D6-D9E1EFC7A520}.Debug|Any CPU.Build.0 = Debug|Any CPU
		{3DBCF2B1-750F-43E9-B8D6-D9E1EFC7A520}.Release|Any CPU.ActiveCfg = Release|Any CPU
		{3DBCF2B1-750F-43E9-B8D6-D9E1EFC7A520}.Release|Any CPU.Build.0 = Release|Any CPU
	EndGlobalSection
	GlobalSection(SolutionProperties) = preSolution
		HideSolutionNode = FALSE
	EndGlobalSection
	GlobalSection(ExtensibilityGlobals) = postSolution
		SolutionGuid = {15C5DA9E-271E-48FD-A7EA-BC11BED4B305}
	EndGlobalSection
EndGlobal
